{
  "object": {
    "pins": [
      {
        "package": "Kanna",
        "repositoryURL": "https://github.com/tid-kijyun/Kanna",
        "state": {
          "branch": null,
          "revision": "c657fb9f5827ef138068215c76ad0bb62bbc92da",
          "version": "5.2.4"
        }
      },
      {
        "package": "Kingfisher",
        "repositoryURL": "https://github.com/onevcat/Kingfisher.git",
        "state": {
          "branch": null,
          "revision": "1a0c2df04b31ed7aa318354f3583faea24f006fc",
          "version": "5.15.8"
        }
      },
      {
        "package": "PythonKit",
        "repositoryURL": "https://github.com/pvieito/PythonKit.git",
        "state": {
          "branch": "master",
          "revision": "c77231820148515a77e9bba5016a57e5a88ef007",
          "version": null
        }
      },
      {
        "package": "swift-argument-parser",
        "repositoryURL": "https://github.com/apple/swift-argument-parser",
        "state": {
          "branch": null,
          "revision": "986d191f94cec88f6350056da59c2e59e83d1229",
          "version": "0.4.3"
        }
      },
      {
        "package": "SwiftUIFlux",
        "repositoryURL": "https://github.com/Dimillian/SwiftUIFlux",
        "state": {
          "branch": null,
          "revision": "a48dd509702797028fa103844008239dded85063",
          "version": "0.5.1"
        }
      }
    ]
  },
  "version": 1
}
